{
  "name": "gerillass-docs",
  "version": "1.0.0",
  "lockfileVersion": 3,
  "requires": true,
  "packages": {
    "": {
      "name": "gerillass-docs",
      "version": "1.0.0",
      "license": "ISC",
      "dependencies": {
        "gerillass": "2.1.0"
      }
    },
    "node_modules/gerillass": {
      "version": "2.1.0",
      "resolved": "https://registry.npmjs.org/gerillass/-/gerillass-2.1.0.tgz",
      "integrity": "sha512-YmZY0B5mBh9A0IBwwx1mBAg9XQ3nY8CBo9zgL53NRa74KMH8aHdarRBODO7A+knMKHR1dOavcmcvMTi++GQloQ==",
      "license": "Apache-2.0"
    }
  }
}
