{
  "name": "gerillass-docs",
  "version": "1.0.0",
  "lockfileVersion": 3,
  "requires": true,
  "packages": {
    "": {
      "name": "gerillass-docs",
      "version": "1.0.0",
      "license": "ISC",
      "dependencies": {
        "gerillass": "2.0.0"
      }
    },
    "node_modules/gerillass": {
      "version": "2.0.0",
      "resolved": "https://registry.npmjs.org/gerillass/-/gerillass-2.0.0.tgz",
      "integrity": "sha512-Qz7jT2h2PvjXwonsyLy4Btayu14VRGgBY4fSL2u0kRTErR6weR/zWXNQu5RcPkCm4Eoud9nmZrAIFRadEG2j5g==",
      "license": "Apache-2.0"
    }
  }
}
