{
  "name": "gerillass-docs",
  "version": "1.0.0",
  "lockfileVersion": 3,
  "requires": true,
  "packages": {
    "": {
      "name": "gerillass-docs",
      "version": "1.0.0",
      "license": "ISC",
      "dependencies": {
        "gerillass": "2.0.1"
      }
    },
    "node_modules/gerillass": {
      "version": "2.0.1",
      "resolved": "https://registry.npmjs.org/gerillass/-/gerillass-2.0.1.tgz",
      "integrity": "sha512-pv1pgId1AEOzESVqYBTkV1Rc4pBsV9CQb7ex6beU980LjMGvYmvQzYi8fVAcjebDyoOAVKAvl9oCjjRgv+9JYg==",
      "license": "Apache-2.0"
    }
  }
}
