# THIS IS AN AUTOGENERATED FILE. DO NOT EDIT THIS FILE DIRECTLY.
# yarn lockfile v1


gerillass@2.1.0:
  version "2.1.0"
  resolved "https://registry.npmjs.org/gerillass/-/gerillass-2.1.0.tgz"
  integrity sha512-YmZY0B5mBh9A0IBwwx1mBAg9XQ3nY8CBo9zgL53NRa74KMH8aHdarRBODO7A+knMKHR1dOavcmcvMTi++GQloQ==
